
Microsoft Visual Studio Solution File, Format Version 12.00
# Visual Studio Version 16
VisualStudioVersion = 16.0.31624.102
MinimumVisualStudioVersion = 10.0.40219.1
Project("{FAE04EC0-301F-11D3-BF4B-00C04F79EFBC}") = "RTSSolutions", "RTSSolutions\RTSSolutions.csproj", "{9309A229-73B5-42AE-8AF1-EA48996F6B7E}"
EndProject
Global
	GlobalSection(SolutionConfigurationPlatforms) = preSolution
		Debug|Any CPU = Debug|Any CPU
		Release|Any CPU = Release|Any CPU
	EndGlobalSection
	GlobalSection(ProjectConfigurationPlatforms) = postSolution
		{9309A229-73B5-42AE-8AF1-EA48996F6B7E}.Debug|Any CPU.ActiveCfg = Debug|Any CPU
		{9309A229-73B5-42AE-8AF1-EA48996F6B7E}.Debug|Any CPU.Build.0 = Debug|Any CPU
		{9309A229-73B5-42AE-8AF1-EA48996F6B7E}.Release|Any CPU.ActiveCfg = Release|Any CPU
		{9309A229-73B5-42AE-8AF1-EA48996F6B7E}.Release|Any CPU.Build.0 = Release|Any CPU
	EndGlobalSection
	GlobalSection(SolutionProperties) = preSolution
		HideSolutionNode = FALSE
	EndGlobalSection
	GlobalSection(ExtensibilityGlobals) = postSolution
		SolutionGuid = {7851A519-34FE-4EC3-BAA9-5296B5A920B5}
	EndGlobalSection
EndGlobal
